
Microsoft Visual Studio Solution File, Format Version 12.00
# Visual Studio Version 16
VisualStudioVersion = 16.0.28711.60
MinimumVisualStudioVersion = 10.0.40219.1
Project("{FAE04EC0-301F-11D3-BF4B-00C04F79EFBC}") = "GilleQuentinCore", "GilleQuentinCore\GilleQuentinCore.csproj", "{89A9918E-5976-4801-A3BC-21D35D9430FE}"
EndProject
Global
	GlobalSection(SolutionConfigurationPlatforms) = preSolution
		Debug|Any CPU = Debug|Any CPU
		Release|Any CPU = Release|Any CPU
	EndGlobalSection
	GlobalSection(ProjectConfigurationPlatforms) = postSolution
		{89A9918E-5976-4801-A3BC-21D35D9430FE}.Debug|Any CPU.ActiveCfg = Debug|Any CPU
		{89A9918E-5976-4801-A3BC-21D35D9430FE}.Debug|Any CPU.Build.0 = Debug|Any CPU
		{89A9918E-5976-4801-A3BC-21D35D9430FE}.Release|Any CPU.ActiveCfg = Release|Any CPU
		{89A9918E-5976-4801-A3BC-21D35D9430FE}.Release|Any CPU.Build.0 = Release|Any CPU
	EndGlobalSection
	GlobalSection(SolutionProperties) = preSolution
		HideSolutionNode = FALSE
	EndGlobalSection
	GlobalSection(ExtensibilityGlobals) = postSolution
		SolutionGuid = {B69E36D2-C29C-4E77-A8BC-888D72741786}
	EndGlobalSection
EndGlobal
